
Microsoft Visual Studio Solution File, Format Version 12.00
# Visual Studio 15
VisualStudioVersion = 15.0.27004.2002
MinimumVisualStudioVersion = 10.0.40219.1
Project("{F184B08F-C81C-45F6-A57F-5ABD9991F28F}") = "Hall Booking", "Hall Booking\Hall Booking.vbproj", "{8BCE00A2-3323-476E-ABAC-DB59237F97AA}"
EndProject
Global
	GlobalSection(SolutionConfigurationPlatforms) = preSolution
		Debug|Any CPU = Debug|Any CPU
		Release|Any CPU = Release|Any CPU
	EndGlobalSection
	GlobalSection(ProjectConfigurationPlatforms) = postSolution
		{8BCE00A2-3323-476E-ABAC-DB59237F97AA}.Debug|Any CPU.ActiveCfg = Debug|Any CPU
		{8BCE00A2-3323-476E-ABAC-DB59237F97AA}.Debug|Any CPU.Build.0 = Debug|Any CPU
		{8BCE00A2-3323-476E-ABAC-DB59237F97AA}.Release|Any CPU.ActiveCfg = Release|Any CPU
		{8BCE00A2-3323-476E-ABAC-DB59237F97AA}.Release|Any CPU.Build.0 = Release|Any CPU
	EndGlobalSection
	GlobalSection(SolutionProperties) = preSolution
		HideSolutionNode = FALSE
	EndGlobalSection
	GlobalSection(ExtensibilityGlobals) = postSolution
		SolutionGuid = {3A190517-86FA-4335-B1F3-B4541997F2A1}
	EndGlobalSection
EndGlobal
